// !$*UTF8*$!
{
	archiveVersion = 1;
	classes = {
	};
	objectVersion = 48;
	objects = {

/* Begin PBXBuildFile section */
		030175E533E0E9221713D306 /* Pods_CardViewDotaDetails.framework in Frameworks */ = {isa = PBXBuildFile; fileRef = FB63EBFC14018E5E5A45981B /* Pods_CardViewDotaDetails.framework */; };
		2B1764C52067F23A007D8B64 /* AppDelegate.swift in Sources */ = {isa = PBXBuildFile; fileRef = 2B1764C42067F23A007D8B64 /* AppDelegate.swift */; };
		2B1764CA2067F23A007D8B64 /* Main.storyboard in Resources */ = {isa = PBXBuildFile; fileRef = 2B1764C82067F23A007D8B64 /* Main.storyboard */; };
		2B1764CC2067F23A007D8B64 /* Assets.xcassets in Resources */ = {isa = PBXBuildFile; fileRef = 2B1764CB2067F23A007D8B64 /* Assets.xcassets */; };
		2B1764CF2067F23A007D8B64 /* LaunchScreen.storyboard in Resources */ = {isa = PBXBuildFile; fileRef = 2B1764CD2067F23A007D8B64 /* LaunchScreen.storyboard */; };
		2B1764D82067FD93007D8B64 /* HomeViewController.swift in Sources */ = {isa = PBXBuildFile; fileRef = 2B1764D72067FD93007D8B64 /* HomeViewController.swift */; };
		2B1764DA20681285007D8B64 /* HeroViewController.swift in Sources */ = {isa = PBXBuildFile; fileRef = 2B1764D920681285007D8B64 /* HeroViewController.swift */; };
		2B1764DD20683401007D8B64 /* HeroStats.swift in Sources */ = {isa = PBXBuildFile; fileRef = 2B1764DC20683401007D8B64 /* HeroStats.swift */; };
		2B1764E3206845D7007D8B64 /* CollectionViewCell.swift in Sources */ = {isa = PBXBuildFile; fileRef = 2B1764E2206845D7007D8B64 /* CollectionViewCell.swift */; };
		2BA709BB2069198500963B95 /* UICollectionViewExt.swift in Sources */ = {isa = PBXBuildFile; fileRef = 2BA709BA2069198500963B95 /* UICollectionViewExt.swift */; };
/* End PBXBuildFile section */

/* Begin PBXFileReference section */
		2B1764C12067F23A007D8B64 /* CardViewDotaDetails.app */ = {isa = PBXFileReference; explicitFileType = wrapper.application; includeInIndex = 0; path = CardViewDotaDetails.app; sourceTree = BUILT_PRODUCTS_DIR; };
		2B1764C42067F23A007D8B64 /* AppDelegate.swift */ = {isa = PBXFileReference; lastKnownFileType = sourcecode.swift; path = AppDelegate.swift; sourceTree = "<group>"; };
		2B1764C92067F23A007D8B64 /* Base */ = {isa = PBXFileReference; lastKnownFileType = file.storyboard; name = Base; path = Base.lproj/Main.storyboard; sourceTree = "<group>"; };
		2B1764CB2067F23A007D8B64 /* Assets.xcassets */ = {isa = PBXFileReference; lastKnownFileType = folder.assetcatalog; path = Assets.xcassets; sourceTree = "<group>"; };
		2B1764CE2067F23A007D8B64 /* Base */ = {isa = PBXFileReference; lastKnownFileType = file.storyboard; name = Base; path = Base.lproj/LaunchScreen.storyboard; sourceTree = "<group>"; };
		2B1764D02067F23A007D8B64 /* Info.plist */ = {isa = PBXFileReference; lastKnownFileType = text.plist.xml; path = Info.plist; sourceTree = "<group>"; };
		2B1764D72067FD93007D8B64 /* HomeViewController.swift */ = {isa = PBXFileReference; lastKnownFileType = sourcecode.swift; path = HomeViewController.swift; sourceTree = "<group>"; };
		2B1764D920681285007D8B64 /* HeroViewController.swift */ = {isa = PBXFileReference; lastKnownFileType = sourcecode.swift; path = HeroViewController.swift; sourceTree = "<group>"; };
		2B1764DC20683401007D8B64 /* HeroStats.swift */ = {isa = PBXFileReference; lastKnownFileType = sourcecode.swift; path = HeroStats.swift; sourceTree = "<group>"; };
		2B1764E2206845D7007D8B64 /* CollectionViewCell.swift */ = {isa = PBXFileReference; lastKnownFileType = sourcecode.swift; path = CollectionViewCell.swift; sourceTree = "<group>"; };
		2BA709BA2069198500963B95 /* UICollectionViewExt.swift */ = {isa = PBXFileReference; lastKnownFileType = sourcecode.swift; path = UICollectionViewExt.swift; sourceTree = "<group>"; };
		A97E324672C1DCCC23B955FF /* Pods-CardViewDotaDetails.release.xcconfig */ = {isa = PBXFileReference; includeInIndex = 1; lastKnownFileType = text.xcconfig; name = "Pods-CardViewDotaDetails.release.xcconfig"; path = "Pods/Target Support Files/Pods-CardViewDotaDetails/Pods-CardViewDotaDetails.release.xcconfig"; sourceTree = "<group>"; };
		AF391726D47F746A8E672EB2 /* Pods-CardViewDotaDetails.debug.xcconfig */ = {isa = PBXFileReference; includeInIndex = 1; lastKnownFileType = text.xcconfig; name = "Pods-CardViewDotaDetails.debug.xcconfig"; path = "Pods/Target Support Files/Pods-CardViewDotaDetails/Pods-CardViewDotaDetails.debug.xcconfig"; sourceTree = "<group>"; };
		FB63EBFC14018E5E5A45981B /* Pods_CardViewDotaDetails.framework */ = {isa = PBXFileReference; explicitFileType = wrapper.framework; includeInIndex = 0; path = Pods_CardViewDotaDetails.framework; sourceTree = BUILT_PRODUCTS_DIR; };
/* End PBXFileReference section */

/* Begin PBXFrameworksBuildPhase section */
		2B1764BE2067F23A007D8B64 /* Frameworks */ = {
			isa = PBXFrameworksBuildPhase;
			buildActionMask = 2147483647;
			files = (
				030175E533E0E9221713D306 /* Pods_CardViewDotaDetails.framework in Frameworks */,
			);
			runOnlyForDeploymentPostprocessing = 0;
		};
/* End PBXFrameworksBuildPhase section */

/* Begin PBXGroup section */
		1ECA617E6809ED329C88416F /* Frameworks */ = {
			isa = PBXGroup;
			children = (
				FB63EBFC14018E5E5A45981B /* Pods_CardViewDotaDetails.framework */,
			);
			name = Frameworks;
			sourceTree = "<group>";
		};
		2B1764B82067F23A007D8B64 = {
			isa = PBXGroup;
			children = (
				2B1764C32067F23A007D8B64 /* CardViewDotaDetails */,
				2B1764C22067F23A007D8B64 /* Products */,
				705A6C4DE68F8A318E72F587 /* Pods */,
				1ECA617E6809ED329C88416F /* Frameworks */,
			);
			sourceTree = "<group>";
		};
		2B1764C22067F23A007D8B64 /* Products */ = {
			isa = PBXGroup;
			children = (
				2B1764C12067F23A007D8B64 /* CardViewDotaDetails.app */,
			);
			name = Products;
			sourceTree = "<group>";
		};
		2B1764C32067F23A007D8B64 /* CardViewDotaDetails */ = {
			isa = PBXGroup;
			children = (
				2B1764E420684722007D8B64 /* Extensions */,
				2B1764DB206833D2007D8B64 /* Models */,
				2B1764D62067FD7E007D8B64 /* Controllers */,
				2B1764C42067F23A007D8B64 /* AppDelegate.swift */,
				2B1764C82067F23A007D8B64 /* Main.storyboard */,
				2B1764CB2067F23A007D8B64 /* Assets.xcassets */,
				2B1764CD2067F23A007D8B64 /* LaunchScreen.storyboard */,
				2B1764D02067F23A007D8B64 /* Info.plist */,
			);
			path = CardViewDotaDetails;
			sourceTree = "<group>";
		};
		2B1764D62067FD7E007D8B64 /* Controllers */ = {
			isa = PBXGroup;
			children = (
				2B1764D72067FD93007D8B64 /* HomeViewController.swift */,
				2B1764D920681285007D8B64 /* HeroViewController.swift */,
			);
			path = Controllers;
			sourceTree = "<group>";
		};
		2B1764DB206833D2007D8B64 /* Models */ = {
			isa = PBXGroup;
			children = (
				2B1764DC20683401007D8B64 /* HeroStats.swift */,
				2B1764E2206845D7007D8B64 /* CollectionViewCell.swift */,
			);
			path = Models;
			sourceTree = "<group>";
		};
		2B1764E420684722007D8B64 /* Extensions */ = {
			isa = PBXGroup;
			children = (
				2BA709BA2069198500963B95 /* UICollectionViewExt.swift */,
			);
			path = Extensions;
			sourceTree = "<group>";
		};
		705A6C4DE68F8A318E72F587 /* Pods */ = {
			isa = PBXGroup;
			children = (
				AF391726D47F746A8E672EB2 /* Pods-CardViewDotaDetails.debug.xcconfig */,
				A97E324672C1DCCC23B955FF /* Pods-CardViewDotaDetails.release.xcconfig */,
			);
			name = Pods;
			sourceTree = "<group>";
		};
/* End PBXGroup section */

/* Begin PBXNativeTarget section */
		2B1764C02067F23A007D8B64 /* CardViewDotaDetails */ = {
			isa = PBXNativeTarget;
			buildConfigurationList = 2B1764D32067F23A007D8B64 /* Build configuration list for PBXNativeTarget "CardViewDotaDetails" */;
			buildPhases = (
				6F950A22900D07A317385177 /* [CP] Check Pods Manifest.lock */,
				2B1764BD2067F23A007D8B64 /* Sources */,
				2B1764BE2067F23A007D8B64 /* Frameworks */,
				2B1764BF2067F23A007D8B64 /* Resources */,
				720F5A630F5B71437C7EC1E9 /* [CP] Embed Pods Frameworks */,
				2A67241FF27C925FE4BC6ACB /* [CP] Copy Pods Resources */,
			);
			buildRules = (
			);
			dependencies = (
			);
			name = CardViewDotaDetails;
			productName = CardViewDotaDetails;
			productReference = 2B1764C12067F23A007D8B64 /* CardViewDotaDetails.app */;
			productType = "com.apple.product-type.application";
		};
/* End PBXNativeTarget section */

/* Begin PBXProject section */
		2B1764B92067F23A007D8B64 /* Project object */ = {
			isa = PBXProject;
			attributes = {
				LastSwiftUpdateCheck = 0920;
				LastUpgradeCheck = 0920;
				ORGANIZATIONNAME = Jakaboy;
				TargetAttributes = {
					2B1764C02067F23A007D8B64 = {
						CreatedOnToolsVersion = 9.2;
						ProvisioningStyle = Automatic;
					};
				};
			};
			buildConfigurationList = 2B1764BC2067F23A007D8B64 /* Build configuration list for PBXProject "CardViewDotaDetails" */;
			compatibilityVersion = "Xcode 8.0";
			developmentRegion = en;
			hasScannedForEncodings = 0;
			knownRegions = (
				en,
				Base,
			);
			mainGroup = 2B1764B82067F23A007D8B64;
			productRefGroup = 2B1764C22067F23A007D8B64 /* Products */;
			projectDirPath = "";
			projectRoot = "";
			targets = (
				2B1764C02067F23A007D8B64 /* CardViewDotaDetails */,
			);
		};
/* End PBXProject section */

/* Begin PBXResourcesBuildPhase section */
		2B1764BF2067F23A007D8B64 /* Resources */ = {
			isa = PBXResourcesBuildPhase;
			buildActionMask = 2147483647;
			files = (
				2B1764CF2067F23A007D8B64 /* LaunchScreen.storyboard in Resources */,
				2B1764CC2067F23A007D8B64 /* Assets.xcassets in Resources */,
				2B1764CA2067F23A007D8B64 /* Main.storyboard in Resources */,
			);
			runOnlyForDeploymentPostprocessing = 0;
		};
/* End PBXResourcesBuildPhase section */

/* Begin PBXShellScriptBuildPhase section */
		2A67241FF27C925FE4BC6ACB /* [CP] Copy Pods Resources */ = {
			isa = PBXShellScriptBuildPhase;
			buildActionMask = 2147483647;
			files = (
			);
			inputPaths = (
			);
			name = "[CP] Copy Pods Resources";
			outputPaths = (
			);
			runOnlyForDeploymentPostprocessing = 0;
			shellPath = /bin/sh;
			shellScript = "\"${SRCROOT}/Pods/Target Support Files/Pods-CardViewDotaDetails/Pods-CardViewDotaDetails-resources.sh\"\n";
			showEnvVarsInLog = 0;
		};
		6F950A22900D07A317385177 /* [CP] Check Pods Manifest.lock */ = {
			isa = PBXShellScriptBuildPhase;
			buildActionMask = 2147483647;
			files = (
			);
			inputPaths = (
				"${PODS_PODFILE_DIR_PATH}/Podfile.lock",
				"${PODS_ROOT}/Manifest.lock",
			);
			name = "[CP] Check Pods Manifest.lock";
			outputPaths = (
				"$(DERIVED_FILE_DIR)/Pods-CardViewDotaDetails-checkManifestLockResult.txt",
			);
			runOnlyForDeploymentPostprocessing = 0;
			shellPath = /bin/sh;
			shellScript = "diff \"${PODS_PODFILE_DIR_PATH}/Podfile.lock\" \"${PODS_ROOT}/Manifest.lock\" > /dev/null\nif [ $? != 0 ] ; then\n    # print error to STDERR\n    echo \"error: The sandbox is not in sync with the Podfile.lock. Run 'pod install' or update your CocoaPods installation.\" >&2\n    exit 1\nfi\n# This output is used by Xcode 'outputs' to avoid re-running this script phase.\necho \"SUCCESS\" > \"${SCRIPT_OUTPUT_FILE_0}\"\n";
			showEnvVarsInLog = 0;
		};
		720F5A630F5B71437C7EC1E9 /* [CP] Embed Pods Frameworks */ = {
			isa = PBXShellScriptBuildPhase;
			buildActionMask = 2147483647;
			files = (
			);
			inputPaths = (
				"${SRCROOT}/Pods/Target Support Files/Pods-CardViewDotaDetails/Pods-CardViewDotaDetails-frameworks.sh",
				"${BUILT_PRODUCTS_DIR}/RevealingSplashView/RevealingSplashView.framework",
				"${BUILT_PRODUCTS_DIR}/SDWebImage/SDWebImage.framework",
			);
			name = "[CP] Embed Pods Frameworks";
			outputPaths = (
				"${TARGET_BUILD_DIR}/${FRAMEWORKS_FOLDER_PATH}/RevealingSplashView.framework",
				"${TARGET_BUILD_DIR}/${FRAMEWORKS_FOLDER_PATH}/SDWebImage.framework",
			);
			runOnlyForDeploymentPostprocessing = 0;
			shellPath = /bin/sh;
			shellScript = "\"${SRCROOT}/Pods/Target Support Files/Pods-CardViewDotaDetails/Pods-CardViewDotaDetails-frameworks.sh\"\n";
			showEnvVarsInLog = 0;
		};
/* End PBXShellScriptBuildPhase section */

/* Begin PBXSourcesBuildPhase section */
		2B1764BD2067F23A007D8B64 /* Sources */ = {
			isa = PBXSourcesBuildPhase;
			buildActionMask = 2147483647;
			files = (
				2B1764E3206845D7007D8B64 /* CollectionViewCell.swift in Sources */,
				2B1764C52067F23A007D8B64 /* AppDelegate.swift in Sources */,
				2B1764DA20681285007D8B64 /* HeroViewController.swift in Sources */,
				2B1764D82067FD93007D8B64 /* HomeViewController.swift in Sources */,
				2BA709BB2069198500963B95 /* UICollectionViewExt.swift in Sources */,
				2B1764DD20683401007D8B64 /* HeroStats.swift in Sources */,
			);
			runOnlyForDeploymentPostprocessing = 0;
		};
/* End PBXSourcesBuildPhase section */

/* Begin PBXVariantGroup section */
		2B1764C82067F23A007D8B64 /* Main.storyboard */ = {
			isa = PBXVariantGroup;
			children = (
				2B1764C92067F23A007D8B64 /* Base */,
			);
			name = Main.storyboard;
			sourceTree = "<group>";
		};
		2B1764CD2067F23A007D8B64 /* LaunchScreen.storyboard */ = {
			isa = PBXVariantGroup;
			children = (
				2B1764CE2067F23A007D8B64 /* Base */,
			);
			name = LaunchScreen.storyboard;
			sourceTree = "<group>";
		};
/* End PBXVariantGroup section */

/* Begin XCBuildConfiguration section */
		2B1764D12067F23A007D8B64 /* Debug */ = {
			isa = XCBuildConfiguration;
			buildSettings = {
				ALWAYS_SEARCH_USER_PATHS = NO;
				CLANG_ANALYZER_NONNULL = YES;
				CLANG_ANALYZER_NUMBER_OBJECT_CONVERSION = YES_AGGRESSIVE;
				CLANG_CXX_LANGUAGE_STANDARD = "gnu++14";
				CLANG_CXX_LIBRARY = "libc++";
				CLANG_ENABLE_MODULES = YES;
				CLANG_ENABLE_OBJC_ARC = YES;
				CLANG_WARN_BLOCK_CAPTURE_AUTORELEASING = YES;
				CLANG_WARN_BOOL_CONVERSION = YES;
				CLANG_WARN_COMMA = YES;
				CLANG_WARN_CONSTANT_CONVERSION = YES;
				CLANG_WARN_DIRECT_OBJC_ISA_USAGE = YES_ERROR;
				CLANG_WARN_DOCUMENTATION_COMMENTS = YES;
				CLANG_WARN_EMPTY_BODY = YES;
				CLANG_WARN_ENUM_CONVERSION = YES;
				CLANG_WARN_INFINITE_RECURSION = YES;
				CLANG_WARN_INT_CONVERSION = YES;
				CLANG_WARN_NON_LITERAL_NULL_CONVERSION = YES;
				CLANG_WARN_OBJC_LITERAL_CONVERSION = YES;
				CLANG_WARN_OBJC_ROOT_CLASS = YES_ERROR;
				CLANG_WARN_RANGE_LOOP_ANALYSIS = YES;
				CLANG_WARN_STRICT_PROTOTYPES = YES;
				CLANG_WARN_SUSPICIOUS_MOVE = YES;
				CLANG_WARN_UNGUARDED_AVAILABILITY = YES_AGGRESSIVE;
				CLANG_WARN_UNREACHABLE_CODE = YES;
				CLANG_WARN__DUPLICATE_METHOD_MATCH = YES;
				CODE_SIGN_IDENTITY = "iPhone Developer";
				COPY_PHASE_STRIP = NO;
				DEBUG_INFORMATION_FORMAT = dwarf;
				ENABLE_STRICT_OBJC_MSGSEND = YES;
				ENABLE_TESTABILITY = YES;
				GCC_C_LANGUAGE_STANDARD = gnu11;
				GCC_DYNAMIC_NO_PIC = NO;
				GCC_NO_COMMON_BLOCKS = YES;
				GCC_OPTIMIZATION_LEVEL = 0;
				GCC_PREPROCESSOR_DEFINITIONS = (
					"DEBUG=1",
					"$(inherited)",
				);
				GCC_WARN_64_TO_32_BIT_CONVERSION = YES;
				GCC_WARN_ABOUT_RETURN_TYPE = YES_ERROR;
				GCC_WARN_UNDECLARED_SELECTOR = YES;
				GCC_WARN_UNINITIALIZED_AUTOS = YES_AGGRESSIVE;
				GCC_WARN_UNUSED_FUNCTION = YES;
				GCC_WARN_UNUSED_VARIABLE = YES;
				IPHONEOS_DEPLOYMENT_TARGET = 11.2;
				MTL_ENABLE_DEBUG_INFO = YES;
				ONLY_ACTIVE_ARCH = YES;
				SDKROOT = iphoneos;
				SWIFT_ACTIVE_COMPILATION_CONDITIONS = DEBUG;
				SWIFT_OPTIMIZATION_LEVEL = "-Onone";
			};
			name = Debug;
		};
		2B1764D22067F23A007D8B64 /* Release */ = {
			isa = XCBuildConfiguration;
			buildSettings = {
				ALWAYS_SEARCH_USER_PATHS = NO;
				CLANG_ANALYZER_NONNULL = YES;
				CLANG_ANALYZER_NUMBER_OBJECT_CONVERSION = YES_AGGRESSIVE;
				CLANG_CXX_LANGUAGE_STANDARD = "gnu++14";
				CLANG_CXX_LIBRARY = "libc++";
				CLANG_ENABLE_MODULES = YES;
				CLANG_ENABLE_OBJC_ARC = YES;
				CLANG_WARN_BLOCK_CAPTURE_AUTORELEASING = YES;
				CLANG_WARN_BOOL_CONVERSION = YES;
				CLANG_WARN_COMMA = YES;
				CLANG_WARN_CONSTANT_CONVERSION = YES;
				CLANG_WARN_DIRECT_OBJC_ISA_USAGE = YES_ERROR;
				CLANG_WARN_DOCUMENTATION_COMMENTS = YES;
				CLANG_WARN_EMPTY_BODY = YES;
				CLANG_WARN_ENUM_CONVERSION = YES;
				CLANG_WARN_INFINITE_RECURSION = YES;
				CLANG_WARN_INT_CONVERSION = YES;
				CLANG_WARN_NON_LITERAL_NULL_CONVERSION = YES;
				CLANG_WARN_OBJC_LITERAL_CONVERSION = YES;
				CLANG_WARN_OBJC_ROOT_CLASS = YES_ERROR;
				CLANG_WARN_RANGE_LOOP_ANALYSIS = YES;
				CLANG_WARN_STRICT_PROTOTYPES = YES;
				CLANG_WARN_SUSPICIOUS_MOVE = YES;
				CLANG_WARN_UNGUARDED_AVAILABILITY = YES_AGGRESSIVE;
				CLANG_WARN_UNREACHABLE_CODE = YES;
				CLANG_WARN__DUPLICATE_METHOD_MATCH = YES;
				CODE_SIGN_IDENTITY = "iPhone Developer";
				COPY_PHASE_STRIP = NO;
				DEBUG_INFORMATION_FORMAT = "dwarf-with-dsym";
				ENABLE_NS_ASSERTIONS = NO;
				ENABLE_STRICT_OBJC_MSGSEND = YES;
				GCC_C_LANGUAGE_STANDARD = gnu11;
				GCC_NO_COMMON_BLOCKS = YES;
				GCC_WARN_64_TO_32_BIT_CONVERSION = YES;
				GCC_WARN_ABOUT_RETURN_TYPE = YES_ERROR;
				GCC_WARN_UNDECLARED_SELECTOR = YES;
				GCC_WARN_UNINITIALIZED_AUTOS = YES_AGGRESSIVE;
				GCC_WARN_UNUSED_FUNCTION = YES;
				GCC_WARN_UNUSED_VARIABLE = YES;
				IPHONEOS_DEPLOYMENT_TARGET = 11.2;
				MTL_ENABLE_DEBUG_INFO = NO;
				SDKROOT = iphoneos;
				SWIFT_OPTIMIZATION_LEVEL = "-Owholemodule";
				VALIDATE_PRODUCT = YES;
			};
			name = Release;
		};
		2B1764D42067F23A007D8B64 /* Debug */ = {
			isa = XCBuildConfiguration;
			baseConfigurationReference = AF391726D47F746A8E672EB2 /* Pods-CardViewDotaDetails.debug.xcconfig */;
			buildSettings = {
				ASSETCATALOG_COMPILER_APPICON_NAME = AppIcon;
				CODE_SIGN_STYLE = Automatic;
				DEVELOPMENT_TEAM = 3D8DWASZQD;
				INFOPLIST_FILE = CardViewDotaDetails/Info.plist;
				LD_RUNPATH_SEARCH_PATHS = "$(inherited) @executable_path/Frameworks";
				PRODUCT_BUNDLE_IDENTIFIER = com.jakaboy.CardViewDotaDetails;
				PRODUCT_NAME = "$(TARGET_NAME)";
				SWIFT_VERSION = 4.0;
				TARGETED_DEVICE_FAMILY = 1;
			};
			name = Debug;
		};
		2B1764D52067F23A007D8B64 /* Release */ = {
			isa = XCBuildConfiguration;
			baseConfigurationReference = A97E324672C1DCCC23B955FF /* Pods-CardViewDotaDetails.release.xcconfig */;
			buildSettings = {
				ASSETCATALOG_COMPILER_APPICON_NAME = AppIcon;
				CODE_SIGN_STYLE = Automatic;
				DEVELOPMENT_TEAM = 3D8DWASZQD;
				INFOPLIST_FILE = CardViewDotaDetails/Info.plist;
				LD_RUNPATH_SEARCH_PATHS = "$(inherited) @executable_path/Frameworks";
				PRODUCT_BUNDLE_IDENTIFIER = com.jakaboy.CardViewDotaDetails;
				PRODUCT_NAME = "$(TARGET_NAME)";
				SWIFT_VERSION = 4.0;
				TARGETED_DEVICE_FAMILY = 1;
			};
			name = Release;
		};
/* End XCBuildConfiguration section */

/* Begin XCConfigurationList section */
		2B1764BC2067F23A007D8B64 /* Build configuration list for PBXProject "CardViewDotaDetails" */ = {
			isa = XCConfigurationList;
			buildConfigurations = (
				2B1764D12067F23A007D8B64 /* Debug */,
				2B1764D22067F23A007D8B64 /* Release */,
			);
			defaultConfigurationIsVisible = 0;
			defaultConfigurationName = Release;
		};
		2B1764D32067F23A007D8B64 /* Build configuration list for PBXNativeTarget "CardViewDotaDetails" */ = {
			isa = XCConfigurationList;
			buildConfigurations = (
				2B1764D42067F23A007D8B64 /* Debug */,
				2B1764D52067F23A007D8B64 /* Release */,
			);
			defaultConfigurationIsVisible = 0;
			defaultConfigurationName = Release;
		};
/* End XCConfigurationList section */
	};
	rootObject = 2B1764B92067F23A007D8B64 /* Project object */;
}
